
Microsoft Visual Studio Solution File, Format Version 12.00
# Visual Studio Version 17
VisualStudioVersion = 17.5.33530.505
MinimumVisualStudioVersion = 10.0.40219.1
Project("{FAE04EC0-301F-11D3-BF4B-00C04F79EFBC}") = "ShopifySample", "ShopifySample\ShopifySample.csproj", "{68B7EFD3-809C-4223-869B-484242F8CB16}"
EndProject
Global
	GlobalSection(SolutionConfigurationPlatforms) = preSolution
		Debug|Any CPU = Debug|Any CPU
		Release|Any CPU = Release|Any CPU
	EndGlobalSection
	GlobalSection(ProjectConfigurationPlatforms) = postSolution
		{68B7EFD3-809C-4223-869B-484242F8CB16}.Debug|Any CPU.ActiveCfg = Debug|Any CPU
		{68B7EFD3-809C-4223-869B-484242F8CB16}.Debug|Any CPU.Build.0 = Debug|Any CPU
		{68B7EFD3-809C-4223-869B-484242F8CB16}.Release|Any CPU.ActiveCfg = Release|Any CPU
		{68B7EFD3-809C-4223-869B-484242F8CB16}.Release|Any CPU.Build.0 = Release|Any CPU
	EndGlobalSection
	GlobalSection(SolutionProperties) = preSolution
		HideSolutionNode = FALSE
	EndGlobalSection
	GlobalSection(ExtensibilityGlobals) = postSolution
		SolutionGuid = {2C29A304-3BFA-414F-A5E5-6F6D4A86E19C}
	EndGlobalSection
EndGlobal
